
Microsoft Visual Studio Solution File, Format Version 12.00
# Visual Studio 15
VisualStudioVersion = 15.0.28010.2046
MinimumVisualStudioVersion = 10.0.40219.1
Project("{FAE04EC0-301F-11D3-BF4B-00C04F79EFBC}") = "C_sharp_Lesson3", "C_sharp_Lesson3\C_sharp_Lesson3.csproj", "{14B083FA-48C3-490D-92FB-4F63EFB366C2}"
EndProject
Global
	GlobalSection(SolutionConfigurationPlatforms) = preSolution
		Debug|Any CPU = Debug|Any CPU
		Release|Any CPU = Release|Any CPU
	EndGlobalSection
	GlobalSection(ProjectConfigurationPlatforms) = postSolution
		{14B083FA-48C3-490D-92FB-4F63EFB366C2}.Debug|Any CPU.ActiveCfg = Debug|Any CPU
		{14B083FA-48C3-490D-92FB-4F63EFB366C2}.Debug|Any CPU.Build.0 = Debug|Any CPU
		{14B083FA-48C3-490D-92FB-4F63EFB366C2}.Release|Any CPU.ActiveCfg = Release|Any CPU
		{14B083FA-48C3-490D-92FB-4F63EFB366C2}.Release|Any CPU.Build.0 = Release|Any CPU
	EndGlobalSection
	GlobalSection(SolutionProperties) = preSolution
		HideSolutionNode = FALSE
	EndGlobalSection
	GlobalSection(ExtensibilityGlobals) = postSolution
		SolutionGuid = {59B0F95D-EBD3-4921-A818-1F81C6203A59}
	EndGlobalSection
EndGlobal
